
Microsoft Visual Studio Solution File, Format Version 12.00
# Visual Studio Version 17
VisualStudioVersion = 17.14.36717.8
MinimumVisualStudioVersion = 10.0.40219.1
Project("{FAE04EC0-301F-11D3-BF4B-00C04F79EFBC}") = "WebApplication1", "WebApplication1\WebApplication1.csproj", "{D5BEE0F5-A0B0-47BA-A550-A7E0DEC81707}"
EndProject
Project("{FAE04EC0-301F-11D3-BF4B-00C04F79EFBC}") = "WeatherForecast.Tests", "WeatherForecast.Tests\WeatherForecast.Tests.csproj", "{8463B750-DCF6-4DB7-B9CD-D8A6370790A0}"
EndProject
Global
	GlobalSection(SolutionConfigurationPlatforms) = preSolution
		Debug|Any CPU = Debug|Any CPU
		Release|Any CPU = Release|Any CPU
	EndGlobalSection
	GlobalSection(ProjectConfigurationPlatforms) = postSolution
		{D5BEE0F5-A0B0-47BA-A550-A7E0DEC81707}.Debug|Any CPU.ActiveCfg = Debug|Any CPU
		{D5BEE0F5-A0B0-47BA-A550-A7E0DEC81707}.Debug|Any CPU.Build.0 = Debug|Any CPU
		{D5BEE0F5-A0B0-47BA-A550-A7E0DEC81707}.Release|Any CPU.ActiveCfg = Release|Any CPU
		{D5BEE0F5-A0B0-47BA-A550-A7E0DEC81707}.Release|Any CPU.Build.0 = Release|Any CPU
		{8463B750-DCF6-4DB7-B9CD-D8A6370790A0}.Debug|Any CPU.ActiveCfg = Debug|Any CPU
		{8463B750-DCF6-4DB7-B9CD-D8A6370790A0}.Debug|Any CPU.Build.0 = Debug|Any CPU
		{8463B750-DCF6-4DB7-B9CD-D8A6370790A0}.Release|Any CPU.ActiveCfg = Release|Any CPU
		{8463B750-DCF6-4DB7-B9CD-D8A6370790A0}.Release|Any CPU.Build.0 = Release|Any CPU
	EndGlobalSection
	GlobalSection(SolutionProperties) = preSolution
		HideSolutionNode = FALSE
	EndGlobalSection
	GlobalSection(ExtensibilityGlobals) = postSolution
		SolutionGuid = {7C3D5926-20B9-4FC1-ACDC-DB9AD3308960}
	EndGlobalSection
EndGlobal
